
Microsoft Visual Studio Solution File, Format Version 12.00
# Visual Studio Version 17
VisualStudioVersion = 17.2.32630.192
MinimumVisualStudioVersion = 10.0.40219.1
Project("{F184B08F-C81C-45F6-A57F-5ABD9991F28F}") = "Domain", "Domain\Domain.vbproj", "{46D401AB-BA87-4555-BC89-5E3738CA185E}"
EndProject
Global
	GlobalSection(SolutionConfigurationPlatforms) = preSolution
		Debug|Any CPU = Debug|Any CPU
		Release|Any CPU = Release|Any CPU
	EndGlobalSection
	GlobalSection(ProjectConfigurationPlatforms) = postSolution
		{46D401AB-BA87-4555-BC89-5E3738CA185E}.Debug|Any CPU.ActiveCfg = Debug|Any CPU
		{46D401AB-BA87-4555-BC89-5E3738CA185E}.Debug|Any CPU.Build.0 = Debug|Any CPU
		{46D401AB-BA87-4555-BC89-5E3738CA185E}.Release|Any CPU.ActiveCfg = Release|Any CPU
		{46D401AB-BA87-4555-BC89-5E3738CA185E}.Release|Any CPU.Build.0 = Release|Any CPU
	EndGlobalSection
	GlobalSection(SolutionProperties) = preSolution
		HideSolutionNode = FALSE
	EndGlobalSection
	GlobalSection(ExtensibilityGlobals) = postSolution
		SolutionGuid = {3BC23499-0FEE-473D-B0AC-AD0CAF1B8A5D}
	EndGlobalSection
EndGlobal
